// !$*UTF8*$!
{
	archiveVersion = 1;
	classes = {
	};
	objectVersion = 46;
	objects = {

/* Begin PBXBuildFile section */
		182D39FF1D9D117A003CF637 /* TextViewController.swift in Sources */ = {isa = PBXBuildFile; fileRef = 182D39FE1D9D1179003CF637 /* TextViewController.swift */; };
		18B663F51D98CAA6002302ED /* Header.swift in Sources */ = {isa = PBXBuildFile; fileRef = 18B663F41D98CAA6002302ED /* Header.swift */; };
		18EC00941D93AA7900707195 /* AppDelegate.swift in Sources */ = {isa = PBXBuildFile; fileRef = 18EC00931D93AA7900707195 /* AppDelegate.swift */; };
		18EC009B1D93AA7900707195 /* Assets.xcassets in Resources */ = {isa = PBXBuildFile; fileRef = 18EC009A1D93AA7900707195 /* Assets.xcassets */; };
		18EC00CF1D93AAA500707195 /* book_add_icon.png in Resources */ = {isa = PBXBuildFile; fileRef = 18EC00A81D93AAA500707195 /* book_add_icon.png */; };
		18EC00D01D93AAA500707195 /* book_add_icon@2x.png in Resources */ = {isa = PBXBuildFile; fileRef = 18EC00A91D93AAA500707195 /* book_add_icon@2x.png */; };
		18EC00D11D93AAA500707195 /* book_add_icon@3x.png in Resources */ = {isa = PBXBuildFile; fileRef = 18EC00AA1D93AAA500707195 /* book_add_icon@3x.png */; };
		18EC00D21D93AAA500707195 /* book_addbook_icon.png in Resources */ = {isa = PBXBuildFile; fileRef = 18EC00AB1D93AAA500707195 /* book_addbook_icon.png */; };
		18EC00D31D93AAA500707195 /* book_addbook_icon@2x.png in Resources */ = {isa = PBXBuildFile; fileRef = 18EC00AC1D93AAA500707195 /* book_addbook_icon@2x.png */; };
		18EC00D41D93AAA500707195 /* book_addbook_icon@3x.png in Resources */ = {isa = PBXBuildFile; fileRef = 18EC00AD1D93AAA500707195 /* book_addbook_icon@3x.png */; };
		18EC00D51D93AAA500707195 /* book_cell_icon.png in Resources */ = {isa = PBXBuildFile; fileRef = 18EC00AE1D93AAA500707195 /* book_cell_icon.png */; };
		18EC00D61D93AAA500707195 /* book_cell_icon@2x.png in Resources */ = {isa = PBXBuildFile; fileRef = 18EC00AF1D93AAA500707195 /* book_cell_icon@2x.png */; };
		18EC00D71D93AAA500707195 /* book_cell_icon@3x.png in Resources */ = {isa = PBXBuildFile; fileRef = 18EC00B01D93AAA500707195 /* book_cell_icon@3x.png */; };
		18EC00D81D93AAA500707195 /* book_image.jpg in Resources */ = {isa = PBXBuildFile; fileRef = 18EC00B11D93AAA500707195 /* book_image.jpg */; };
		18EC00D91D93AAA500707195 /* book_image.png in Resources */ = {isa = PBXBuildFile; fileRef = 18EC00B21D93AAA500707195 /* book_image.png */; };
		18EC00DA1D93AAA500707195 /* book_image@2x.png in Resources */ = {isa = PBXBuildFile; fileRef = 18EC00B31D93AAA500707195 /* book_image@2x.png */; };
		18EC00DB1D93AAA500707195 /* book_image@3x.png in Resources */ = {isa = PBXBuildFile; fileRef = 18EC00B41D93AAA500707195 /* book_image@3x.png */; };
		18EC00DC1D93AAA500707195 /* book_placeholder_image.png in Resources */ = {isa = PBXBuildFile; fileRef = 18EC00B51D93AAA500707195 /* book_placeholder_image.png */; };
		18EC00DD1D93AAA500707195 /* book_placeholder_image@2x.png in Resources */ = {isa = PBXBuildFile; fileRef = 18EC00B61D93AAA500707195 /* book_placeholder_image@2x.png */; };
		18EC00DE1D93AAA500707195 /* book_placeholder_image@3x.png in Resources */ = {isa = PBXBuildFile; fileRef = 18EC00B71D93AAA500707195 /* book_placeholder_image@3x.png */; };
		18EC00DF1D93AAA500707195 /* book_user_icon.png in Resources */ = {isa = PBXBuildFile; fileRef = 18EC00B81D93AAA500707195 /* book_user_icon.png */; };
		18EC00E01D93AAA500707195 /* book_user_icon@2x.png in Resources */ = {isa = PBXBuildFile; fileRef = 18EC00B91D93AAA500707195 /* book_user_icon@2x.png */; };
		18EC00E11D93AAA500707195 /* book_user_icon@3x.png in Resources */ = {isa = PBXBuildFile; fileRef = 18EC00BA1D93AAA500707195 /* book_user_icon@3x.png */; };
		18EC00E21D93AAA500707195 /* bookApp.sketch in Resources */ = {isa = PBXBuildFile; fileRef = 18EC00BB1D93AAA500707195 /* bookApp.sketch */; };
		18EC00E31D93AAA500707195 /* placeholder_image.jpg in Resources */ = {isa = PBXBuildFile; fileRef = 18EC00BC1D93AAA500707195 /* placeholder_image.jpg */; };
		18EC00E41D93AAA500707195 /* setting_icon.png in Resources */ = {isa = PBXBuildFile; fileRef = 18EC00BD1D93AAA500707195 /* setting_icon.png */; };
		18EC00E51D93AAA500707195 /* setting_icon@2x.png in Resources */ = {isa = PBXBuildFile; fileRef = 18EC00BE1D93AAA500707195 /* setting_icon@2x.png */; };
		18EC00E61D93AAA500707195 /* setting_icon@3x.png in Resources */ = {isa = PBXBuildFile; fileRef = 18EC00BF1D93AAA500707195 /* setting_icon@3x.png */; };
		18EC00EF1D93AAE600707195 /* ViewController.swift in Sources */ = {isa = PBXBuildFile; fileRef = 18EC00EE1D93AAE600707195 /* ViewController.swift */; };
		18EC00F21D93B14000707195 /* Main.storyboard in Resources */ = {isa = PBXBuildFile; fileRef = 18EC00971D93AA7900707195 /* Main.storyboard */; };
		18EC00F31D93B14000707195 /* LaunchScreen.storyboard in Resources */ = {isa = PBXBuildFile; fileRef = 18EC009C1D93AA7900707195 /* LaunchScreen.storyboard */; };
		18EC00F51D93B2B500707195 /* NetKit.swift in Sources */ = {isa = PBXBuildFile; fileRef = 18EC00F41D93B2B500707195 /* NetKit.swift */; };
		18FB51021D9B9B0700020EC6 /* Book.swift in Sources */ = {isa = PBXBuildFile; fileRef = 18FB51011D9B9B0700020EC6 /* Book.swift */; };
		18FB51041D9B9B5200020EC6 /* Chapter.swift in Sources */ = {isa = PBXBuildFile; fileRef = 18FB51031D9B9B5200020EC6 /* Chapter.swift */; };
		18FB51061D9B9BCA00020EC6 /* Author.swift in Sources */ = {isa = PBXBuildFile; fileRef = 18FB51051D9B9BCA00020EC6 /* Author.swift */; };
		18FB510A1D9B9E1E00020EC6 /* OtherInfo.swift in Sources */ = {isa = PBXBuildFile; fileRef = 18FB51091D9B9E1E00020EC6 /* OtherInfo.swift */; };
		18FB510C1D9B9F8300020EC6 /* Category.swift in Sources */ = {isa = PBXBuildFile; fileRef = 18FB510B1D9B9F8300020EC6 /* Category.swift */; };
		18FB510E1D9BA48E00020EC6 /* UnpackData.swift in Sources */ = {isa = PBXBuildFile; fileRef = 18FB510D1D9BA48E00020EC6 /* UnpackData.swift */; };
		18FB51101D9BC0D600020EC6 /* BookTableViewCell.swift in Sources */ = {isa = PBXBuildFile; fileRef = 18FB510F1D9BC0D600020EC6 /* BookTableViewCell.swift */; };
		18FB51121D9BD7C600020EC6 /* BookInfoViewController.swift in Sources */ = {isa = PBXBuildFile; fileRef = 18FB51111D9BD7C600020EC6 /* BookInfoViewController.swift */; };
		BC617E60160AC6E46E324981 /* Pods_BookStore.framework in Frameworks */ = {isa = PBXBuildFile; fileRef = A86DC176CCBB74BE795283BB /* Pods_BookStore.framework */; };
/* End PBXBuildFile section */

/* Begin PBXFileReference section */
		182D39FE1D9D1179003CF637 /* TextViewController.swift */ = {isa = PBXFileReference; fileEncoding = 4; lastKnownFileType = sourcecode.swift; path = TextViewController.swift; sourceTree = "<group>"; };
		18B663F41D98CAA6002302ED /* Header.swift */ = {isa = PBXFileReference; fileEncoding = 4; lastKnownFileType = sourcecode.swift; path = Header.swift; sourceTree = "<group>"; };
		18EC00901D93AA7900707195 /* BookStore.app */ = {isa = PBXFileReference; explicitFileType = wrapper.application; includeInIndex = 0; path = BookStore.app; sourceTree = BUILT_PRODUCTS_DIR; };
		18EC00931D93AA7900707195 /* AppDelegate.swift */ = {isa = PBXFileReference; lastKnownFileType = sourcecode.swift; path = AppDelegate.swift; sourceTree = "<group>"; };
		18EC00981D93AA7900707195 /* Base */ = {isa = PBXFileReference; lastKnownFileType = file.storyboard; name = Base; path = Base.lproj/Main.storyboard; sourceTree = "<group>"; };
		18EC009A1D93AA7900707195 /* Assets.xcassets */ = {isa = PBXFileReference; lastKnownFileType = folder.assetcatalog; name = Assets.xcassets; path = ../Assets.xcassets; sourceTree = "<group>"; };
		18EC009D1D93AA7900707195 /* Base */ = {isa = PBXFileReference; lastKnownFileType = file.storyboard; name = Base; path = Base.lproj/LaunchScreen.storyboard; sourceTree = "<group>"; };
		18EC009F1D93AA7900707195 /* Info.plist */ = {isa = PBXFileReference; lastKnownFileType = text.plist.xml; name = Info.plist; path = ../Info.plist; sourceTree = "<group>"; };
		18EC00A81D93AAA500707195 /* book_add_icon.png */ = {isa = PBXFileReference; lastKnownFileType = image.png; path = book_add_icon.png; sourceTree = "<group>"; };
		18EC00A91D93AAA500707195 /* book_add_icon@2x.png */ = {isa = PBXFileReference; lastKnownFileType = image.png; path = "book_add_icon@2x.png"; sourceTree = "<group>"; };
		18EC00AA1D93AAA500707195 /* book_add_icon@3x.png */ = {isa = PBXFileReference; lastKnownFileType = image.png; path = "book_add_icon@3x.png"; sourceTree = "<group>"; };
		18EC00AB1D93AAA500707195 /* book_addbook_icon.png */ = {isa = PBXFileReference; lastKnownFileType = image.png; path = book_addbook_icon.png; sourceTree = "<group>"; };
		18EC00AC1D93AAA500707195 /* book_addbook_icon@2x.png */ = {isa = PBXFileReference; lastKnownFileType = image.png; path = "book_addbook_icon@2x.png"; sourceTree = "<group>"; };
		18EC00AD1D93AAA500707195 /* book_addbook_icon@3x.png */ = {isa = PBXFileReference; lastKnownFileType = image.png; path = "book_addbook_icon@3x.png"; sourceTree = "<group>"; };
		18EC00AE1D93AAA500707195 /* book_cell_icon.png */ = {isa = PBXFileReference; lastKnownFileType = image.png; path = book_cell_icon.png; sourceTree = "<group>"; };
		18EC00AF1D93AAA500707195 /* book_cell_icon@2x.png */ = {isa = PBXFileReference; lastKnownFileType = image.png; path = "book_cell_icon@2x.png"; sourceTree = "<group>"; };
		18EC00B01D93AAA500707195 /* book_cell_icon@3x.png */ = {isa = PBXFileReference; lastKnownFileType = image.png; path = "book_cell_icon@3x.png"; sourceTree = "<group>"; };
		18EC00B11D93AAA500707195 /* book_image.jpg */ = {isa = PBXFileReference; lastKnownFileType = image.jpeg; path = book_image.jpg; sourceTree = "<group>"; };
		18EC00B21D93AAA500707195 /* book_image.png */ = {isa = PBXFileReference; lastKnownFileType = image.png; path = book_image.png; sourceTree = "<group>"; };
		18EC00B31D93AAA500707195 /* book_image@2x.png */ = {isa = PBXFileReference; lastKnownFileType = image.png; path = "book_image@2x.png"; sourceTree = "<group>"; };
		18EC00B41D93AAA500707195 /* book_image@3x.png */ = {isa = PBXFileReference; lastKnownFileType = image.png; path = "book_image@3x.png"; sourceTree = "<group>"; };
		18EC00B51D93AAA500707195 /* book_placeholder_image.png */ = {isa = PBXFileReference; lastKnownFileType = image.png; path = book_placeholder_image.png; sourceTree = "<group>"; };
		18EC00B61D93AAA500707195 /* book_placeholder_image@2x.png */ = {isa = PBXFileReference; lastKnownFileType = image.png; path = "book_placeholder_image@2x.png"; sourceTree = "<group>"; };
		18EC00B71D93AAA500707195 /* book_placeholder_image@3x.png */ = {isa = PBXFileReference; lastKnownFileType = image.png; path = "book_placeholder_image@3x.png"; sourceTree = "<group>"; };
		18EC00B81D93AAA500707195 /* book_user_icon.png */ = {isa = PBXFileReference; lastKnownFileType = image.png; path = book_user_icon.png; sourceTree = "<group>"; };
		18EC00B91D93AAA500707195 /* book_user_icon@2x.png */ = {isa = PBXFileReference; lastKnownFileType = image.png; path = "book_user_icon@2x.png"; sourceTree = "<group>"; };
		18EC00BA1D93AAA500707195 /* book_user_icon@3x.png */ = {isa = PBXFileReference; lastKnownFileType = image.png; path = "book_user_icon@3x.png"; sourceTree = "<group>"; };
		18EC00BB1D93AAA500707195 /* bookApp.sketch */ = {isa = PBXFileReference; lastKnownFileType = file; path = bookApp.sketch; sourceTree = "<group>"; };
		18EC00BC1D93AAA500707195 /* placeholder_image.jpg */ = {isa = PBXFileReference; lastKnownFileType = image.jpeg; path = placeholder_image.jpg; sourceTree = "<group>"; };
		18EC00BD1D93AAA500707195 /* setting_icon.png */ = {isa = PBXFileReference; lastKnownFileType = image.png; path = setting_icon.png; sourceTree = "<group>"; };
		18EC00BE1D93AAA500707195 /* setting_icon@2x.png */ = {isa = PBXFileReference; lastKnownFileType = image.png; path = "setting_icon@2x.png"; sourceTree = "<group>"; };
		18EC00BF1D93AAA500707195 /* setting_icon@3x.png */ = {isa = PBXFileReference; lastKnownFileType = image.png; path = "setting_icon@3x.png"; sourceTree = "<group>"; };
		18EC00EE1D93AAE600707195 /* ViewController.swift */ = {isa = PBXFileReference; fileEncoding = 4; lastKnownFileType = sourcecode.swift; path = ViewController.swift; sourceTree = "<group>"; };
		18EC00F41D93B2B500707195 /* NetKit.swift */ = {isa = PBXFileReference; fileEncoding = 4; lastKnownFileType = sourcecode.swift; path = NetKit.swift; sourceTree = "<group>"; };
		18FB51011D9B9B0700020EC6 /* Book.swift */ = {isa = PBXFileReference; fileEncoding = 4; lastKnownFileType = sourcecode.swift; path = Book.swift; sourceTree = "<group>"; };
		18FB51031D9B9B5200020EC6 /* Chapter.swift */ = {isa = PBXFileReference; fileEncoding = 4; lastKnownFileType = sourcecode.swift; path = Chapter.swift; sourceTree = "<group>"; };
		18FB51051D9B9BCA00020EC6 /* Author.swift */ = {isa = PBXFileReference; fileEncoding = 4; lastKnownFileType = sourcecode.swift; path = Author.swift; sourceTree = "<group>"; };
		18FB51091D9B9E1E00020EC6 /* OtherInfo.swift */ = {isa = PBXFileReference; fileEncoding = 4; lastKnownFileType = sourcecode.swift; path = OtherInfo.swift; sourceTree = "<group>"; };
		18FB510B1D9B9F8300020EC6 /* Category.swift */ = {isa = PBXFileReference; fileEncoding = 4; lastKnownFileType = sourcecode.swift; path = Category.swift; sourceTree = "<group>"; };
		18FB510D1D9BA48E00020EC6 /* UnpackData.swift */ = {isa = PBXFileReference; fileEncoding = 4; lastKnownFileType = sourcecode.swift; path = UnpackData.swift; sourceTree = "<group>"; };
		18FB510F1D9BC0D600020EC6 /* BookTableViewCell.swift */ = {isa = PBXFileReference; fileEncoding = 4; lastKnownFileType = sourcecode.swift; path = BookTableViewCell.swift; sourceTree = "<group>"; };
		18FB51111D9BD7C600020EC6 /* BookInfoViewController.swift */ = {isa = PBXFileReference; fileEncoding = 4; lastKnownFileType = sourcecode.swift; path = BookInfoViewController.swift; sourceTree = "<group>"; };
		470BD7C7767CB4324DEDA3E6 /* Pods-BookStore.debug.xcconfig */ = {isa = PBXFileReference; includeInIndex = 1; lastKnownFileType = text.xcconfig; name = "Pods-BookStore.debug.xcconfig"; path = "Pods/Target Support Files/Pods-BookStore/Pods-BookStore.debug.xcconfig"; sourceTree = "<group>"; };
		A86DC176CCBB74BE795283BB /* Pods_BookStore.framework */ = {isa = PBXFileReference; explicitFileType = wrapper.framework; includeInIndex = 0; path = Pods_BookStore.framework; sourceTree = BUILT_PRODUCTS_DIR; };
		EADDF694CB444016FFA9B9D9 /* Pods-BookStore.release.xcconfig */ = {isa = PBXFileReference; includeInIndex = 1; lastKnownFileType = text.xcconfig; name = "Pods-BookStore.release.xcconfig"; path = "Pods/Target Support Files/Pods-BookStore/Pods-BookStore.release.xcconfig"; sourceTree = "<group>"; };
/* End PBXFileReference section */

/* Begin PBXFrameworksBuildPhase section */
		18EC008D1D93AA7900707195 /* Frameworks */ = {
			isa = PBXFrameworksBuildPhase;
			buildActionMask = 2147483647;
			files = (
				BC617E60160AC6E46E324981 /* Pods_BookStore.framework in Frameworks */,
			);
			runOnlyForDeploymentPostprocessing = 0;
		};
/* End PBXFrameworksBuildPhase section */

/* Begin PBXGroup section */
		18EC00871D93AA7900707195 = {
			isa = PBXGroup;
			children = (
				18EC00921D93AA7900707195 /* BookStore */,
				18EC00911D93AA7900707195 /* Products */,
				6A8FDAA4B14733435B1CAA2E /* Pods */,
				BCC44FB7EC89909CB3C32D4E /* Frameworks */,
			);
			sourceTree = "<group>";
		};
		18EC00911D93AA7900707195 /* Products */ = {
			isa = PBXGroup;
			children = (
				18EC00901D93AA7900707195 /* BookStore.app */,
			);
			name = Products;
			sourceTree = "<group>";
		};
		18EC00921D93AA7900707195 /* BookStore */ = {
			isa = PBXGroup;
			children = (
				18EC00931D93AA7900707195 /* AppDelegate.swift */,
				18EC00971D93AA7900707195 /* Main.storyboard */,
				18EC00A51D93AAA500707195 /* 3tr */,
				18EC00A61D93AAA500707195 /* Model */,
				18EC00A71D93AAA500707195 /* Resources */,
				18EC00C01D93AAA500707195 /* View */,
				18EC00C41D93AAA500707195 /* ViewController */,
			);
			path = BookStore;
			sourceTree = "<group>";
		};
		18EC00A51D93AAA500707195 /* 3tr */ = {
			isa = PBXGroup;
			children = (
				18FB50FF1D9B5A8F00020EC6 /* NetKit */,
				18EC00F41D93B2B500707195 /* NetKit.swift */,
				18B663F41D98CAA6002302ED /* Header.swift */,
			);
			path = 3tr;
			sourceTree = "<group>";
		};
		18EC00A61D93AAA500707195 /* Model */ = {
			isa = PBXGroup;
			children = (
				18FB51001D9B9AC800020EC6 /* 书籍 */,
			);
			path = Model;
			sourceTree = "<group>";
		};
		18EC00A71D93AAA500707195 /* Resources */ = {
			isa = PBXGroup;
			children = (
				18EC009A1D93AA7900707195 /* Assets.xcassets */,
				18EC009C1D93AA7900707195 /* LaunchScreen.storyboard */,
				18EC009F1D93AA7900707195 /* Info.plist */,
				18EC00A81D93AAA500707195 /* book_add_icon.png */,
				18EC00A91D93AAA500707195 /* book_add_icon@2x.png */,
				18EC00AA1D93AAA500707195 /* book_add_icon@3x.png */,
				18EC00AB1D93AAA500707195 /* book_addbook_icon.png */,
				18EC00AC1D93AAA500707195 /* book_addbook_icon@2x.png */,
				18EC00AD1D93AAA500707195 /* book_addbook_icon@3x.png */,
				18EC00AE1D93AAA500707195 /* book_cell_icon.png */,
				18EC00AF1D93AAA500707195 /* book_cell_icon@2x.png */,
				18EC00B01D93AAA500707195 /* book_cell_icon@3x.png */,
				18EC00B11D93AAA500707195 /* book_image.jpg */,
				18EC00B21D93AAA500707195 /* book_image.png */,
				18EC00B31D93AAA500707195 /* book_image@2x.png */,
				18EC00B41D93AAA500707195 /* book_image@3x.png */,
				18EC00B51D93AAA500707195 /* book_placeholder_image.png */,
				18EC00B61D93AAA500707195 /* book_placeholder_image@2x.png */,
				18EC00B71D93AAA500707195 /* book_placeholder_image@3x.png */,
				18EC00B81D93AAA500707195 /* book_user_icon.png */,
				18EC00B91D93AAA500707195 /* book_user_icon@2x.png */,
				18EC00BA1D93AAA500707195 /* book_user_icon@3x.png */,
				18EC00BB1D93AAA500707195 /* bookApp.sketch */,
				18EC00BC1D93AAA500707195 /* placeholder_image.jpg */,
				18EC00BD1D93AAA500707195 /* setting_icon.png */,
				18EC00BE1D93AAA500707195 /* setting_icon@2x.png */,
				18EC00BF1D93AAA500707195 /* setting_icon@3x.png */,
			);
			path = Resources;
			sourceTree = "<group>";
		};
		18EC00C01D93AAA500707195 /* View */ = {
			isa = PBXGroup;
			children = (
				18FB510F1D9BC0D600020EC6 /* BookTableViewCell.swift */,
			);
			path = View;
			sourceTree = "<group>";
		};
		18EC00C41D93AAA500707195 /* ViewController */ = {
			isa = PBXGroup;
			children = (
				18EC00EE1D93AAE600707195 /* ViewController.swift */,
				18FB51111D9BD7C600020EC6 /* BookInfoViewController.swift */,
				182D39FE1D9D1179003CF637 /* TextViewController.swift */,
			);
			path = ViewController;
			sourceTree = "<group>";
		};
		18FB50FF1D9B5A8F00020EC6 /* NetKit */ = {
			isa = PBXGroup;
			children = (
			);
			name = NetKit;
			sourceTree = "<group>";
		};
		18FB51001D9B9AC800020EC6 /* 书籍 */ = {
			isa = PBXGroup;
			children = (
				18FB51051D9B9BCA00020EC6 /* Author.swift */,
				18FB51011D9B9B0700020EC6 /* Book.swift */,
				18FB51031D9B9B5200020EC6 /* Chapter.swift */,
				18FB51091D9B9E1E00020EC6 /* OtherInfo.swift */,
				18FB510B1D9B9F8300020EC6 /* Category.swift */,
				18FB510D1D9BA48E00020EC6 /* UnpackData.swift */,
			);
			name = "书籍";
			sourceTree = "<group>";
		};
		6A8FDAA4B14733435B1CAA2E /* Pods */ = {
			isa = PBXGroup;
			children = (
				470BD7C7767CB4324DEDA3E6 /* Pods-BookStore.debug.xcconfig */,
				EADDF694CB444016FFA9B9D9 /* Pods-BookStore.release.xcconfig */,
			);
			name = Pods;
			sourceTree = "<group>";
		};
		BCC44FB7EC89909CB3C32D4E /* Frameworks */ = {
			isa = PBXGroup;
			children = (
				A86DC176CCBB74BE795283BB /* Pods_BookStore.framework */,
			);
			name = Frameworks;
			sourceTree = "<group>";
		};
/* End PBXGroup section */

/* Begin PBXNativeTarget section */
		18EC008F1D93AA7900707195 /* BookStore */ = {
			isa = PBXNativeTarget;
			buildConfigurationList = 18EC00A21D93AA7900707195 /* Build configuration list for PBXNativeTarget "BookStore" */;
			buildPhases = (
				84D9A26EA148552EEA12EA3C /* Check Pods Manifest.lock */,
				18EC008C1D93AA7900707195 /* Sources */,
				18EC008D1D93AA7900707195 /* Frameworks */,
				18EC008E1D93AA7900707195 /* Resources */,
				8421E394B914D8CAFD6C3172 /* Embed Pods Frameworks */,
				5C0C334D2E6E4E7CF0DD4FA2 /* Copy Pods Resources */,
			);
			buildRules = (
			);
			dependencies = (
			);
			name = BookStore;
			productName = BookStore;
			productReference = 18EC00901D93AA7900707195 /* BookStore.app */;
			productType = "com.apple.product-type.application";
		};
/* End PBXNativeTarget section */

/* Begin PBXProject section */
		18EC00881D93AA7900707195 /* Project object */ = {
			isa = PBXProject;
			attributes = {
				LastSwiftUpdateCheck = 0800;
				LastUpgradeCheck = 0800;
				ORGANIZATIONNAME = "刘朝龙";
				TargetAttributes = {
					18EC008F1D93AA7900707195 = {
						CreatedOnToolsVersion = 8.0;
						DevelopmentTeam = DRG4MCP4V7;
						LastSwiftMigration = 0800;
						ProvisioningStyle = Automatic;
					};
				};
			};
			buildConfigurationList = 18EC008B1D93AA7900707195 /* Build configuration list for PBXProject "BookStore" */;
			compatibilityVersion = "Xcode 3.2";
			developmentRegion = English;
			hasScannedForEncodings = 0;
			knownRegions = (
				en,
				Base,
			);
			mainGroup = 18EC00871D93AA7900707195;
			productRefGroup = 18EC00911D93AA7900707195 /* Products */;
			projectDirPath = "";
			projectRoot = "";
			targets = (
				18EC008F1D93AA7900707195 /* BookStore */,
			);
		};
/* End PBXProject section */

/* Begin PBXResourcesBuildPhase section */
		18EC008E1D93AA7900707195 /* Resources */ = {
			isa = PBXResourcesBuildPhase;
			buildActionMask = 2147483647;
			files = (
				18EC00F21D93B14000707195 /* Main.storyboard in Resources */,
				18EC00F31D93B14000707195 /* LaunchScreen.storyboard in Resources */,
				18EC00E01D93AAA500707195 /* book_user_icon@2x.png in Resources */,
				18EC00D71D93AAA500707195 /* book_cell_icon@3x.png in Resources */,
				18EC00DC1D93AAA500707195 /* book_placeholder_image.png in Resources */,
				18EC00E41D93AAA500707195 /* setting_icon.png in Resources */,
				18EC00E61D93AAA500707195 /* setting_icon@3x.png in Resources */,
				18EC009B1D93AA7900707195 /* Assets.xcassets in Resources */,
				18EC00D51D93AAA500707195 /* book_cell_icon.png in Resources */,
				18EC00DA1D93AAA500707195 /* book_image@2x.png in Resources */,
				18EC00DE1D93AAA500707195 /* book_placeholder_image@3x.png in Resources */,
				18EC00E31D93AAA500707195 /* placeholder_image.jpg in Resources */,
				18EC00D31D93AAA500707195 /* book_addbook_icon@2x.png in Resources */,
				18EC00CF1D93AAA500707195 /* book_add_icon.png in Resources */,
				18EC00DD1D93AAA500707195 /* book_placeholder_image@2x.png in Resources */,
				18EC00D41D93AAA500707195 /* book_addbook_icon@3x.png in Resources */,
				18EC00D91D93AAA500707195 /* book_image.png in Resources */,
				18EC00D61D93AAA500707195 /* book_cell_icon@2x.png in Resources */,
				18EC00DF1D93AAA500707195 /* book_user_icon.png in Resources */,
				18EC00D01D93AAA500707195 /* book_add_icon@2x.png in Resources */,
				18EC00DB1D93AAA500707195 /* book_image@3x.png in Resources */,
				18EC00D81D93AAA500707195 /* book_image.jpg in Resources */,
				18EC00D11D93AAA500707195 /* book_add_icon@3x.png in Resources */,
				18EC00E11D93AAA500707195 /* book_user_icon@3x.png in Resources */,
				18EC00D21D93AAA500707195 /* book_addbook_icon.png in Resources */,
				18EC00E51D93AAA500707195 /* setting_icon@2x.png in Resources */,
				18EC00E21D93AAA500707195 /* bookApp.sketch in Resources */,
			);
			runOnlyForDeploymentPostprocessing = 0;
		};
/* End PBXResourcesBuildPhase section */

/* Begin PBXShellScriptBuildPhase section */
		5C0C334D2E6E4E7CF0DD4FA2 /* Copy Pods Resources */ = {
			isa = PBXShellScriptBuildPhase;
			buildActionMask = 2147483647;
			files = (
			);
			inputPaths = (
			);
			name = "Copy Pods Resources";
			outputPaths = (
			);
			runOnlyForDeploymentPostprocessing = 0;
			shellPath = /bin/sh;
			shellScript = "\"${SRCROOT}/Pods/Target Support Files/Pods-BookStore/Pods-BookStore-resources.sh\"\n";
			showEnvVarsInLog = 0;
		};
		8421E394B914D8CAFD6C3172 /* Embed Pods Frameworks */ = {
			isa = PBXShellScriptBuildPhase;
			buildActionMask = 2147483647;
			files = (
			);
			inputPaths = (
			);
			name = "Embed Pods Frameworks";
			outputPaths = (
			);
			runOnlyForDeploymentPostprocessing = 0;
			shellPath = /bin/sh;
			shellScript = "\"${SRCROOT}/Pods/Target Support Files/Pods-BookStore/Pods-BookStore-frameworks.sh\"\n";
			showEnvVarsInLog = 0;
		};
		84D9A26EA148552EEA12EA3C /* Check Pods Manifest.lock */ = {
			isa = PBXShellScriptBuildPhase;
			buildActionMask = 2147483647;
			files = (
			);
			inputPaths = (
			);
			name = "Check Pods Manifest.lock";
			outputPaths = (
			);
			runOnlyForDeploymentPostprocessing = 0;
			shellPath = /bin/sh;
			shellScript = "diff \"${PODS_ROOT}/../Podfile.lock\" \"${PODS_ROOT}/Manifest.lock\" > /dev/null\nif [[ $? != 0 ]] ; then\n    cat << EOM\nerror: The sandbox is not in sync with the Podfile.lock. Run 'pod install' or update your CocoaPods installation.\nEOM\n    exit 1\nfi\n";
			showEnvVarsInLog = 0;
		};
/* End PBXShellScriptBuildPhase section */

/* Begin PBXSourcesBuildPhase section */
		18EC008C1D93AA7900707195 /* Sources */ = {
			isa = PBXSourcesBuildPhase;
			buildActionMask = 2147483647;
			files = (
				18B663F51D98CAA6002302ED /* Header.swift in Sources */,
				18FB51121D9BD7C600020EC6 /* BookInfoViewController.swift in Sources */,
				18FB510E1D9BA48E00020EC6 /* UnpackData.swift in Sources */,
				18EC00EF1D93AAE600707195 /* ViewController.swift in Sources */,
				18FB51101D9BC0D600020EC6 /* BookTableViewCell.swift in Sources */,
				18EC00941D93AA7900707195 /* AppDelegate.swift in Sources */,
				18FB51041D9B9B5200020EC6 /* Chapter.swift in Sources */,
				18FB51021D9B9B0700020EC6 /* Book.swift in Sources */,
				18FB510C1D9B9F8300020EC6 /* Category.swift in Sources */,
				18FB51061D9B9BCA00020EC6 /* Author.swift in Sources */,
				18EC00F51D93B2B500707195 /* NetKit.swift in Sources */,
				18FB510A1D9B9E1E00020EC6 /* OtherInfo.swift in Sources */,
				182D39FF1D9D117A003CF637 /* TextViewController.swift in Sources */,
			);
			runOnlyForDeploymentPostprocessing = 0;
		};
/* End PBXSourcesBuildPhase section */

/* Begin PBXVariantGroup section */
		18EC00971D93AA7900707195 /* Main.storyboard */ = {
			isa = PBXVariantGroup;
			children = (
				18EC00981D93AA7900707195 /* Base */,
			);
			name = Main.storyboard;
			sourceTree = "<group>";
		};
		18EC009C1D93AA7900707195 /* LaunchScreen.storyboard */ = {
			isa = PBXVariantGroup;
			children = (
				18EC009D1D93AA7900707195 /* Base */,
			);
			name = LaunchScreen.storyboard;
			path = ..;
			sourceTree = "<group>";
		};
/* End PBXVariantGroup section */

/* Begin XCBuildConfiguration section */
		18EC00A01D93AA7900707195 /* Debug */ = {
			isa = XCBuildConfiguration;
			buildSettings = {
				ALWAYS_SEARCH_USER_PATHS = NO;
				CLANG_ANALYZER_NONNULL = YES;
				CLANG_CXX_LANGUAGE_STANDARD = "gnu++0x";
				CLANG_CXX_LIBRARY = "libc++";
				CLANG_ENABLE_MODULES = YES;
				CLANG_ENABLE_OBJC_ARC = YES;
				CLANG_WARN_BOOL_CONVERSION = YES;
				CLANG_WARN_CONSTANT_CONVERSION = YES;
				CLANG_WARN_DIRECT_OBJC_ISA_USAGE = YES_ERROR;
				CLANG_WARN_DOCUMENTATION_COMMENTS = YES;
				CLANG_WARN_EMPTY_BODY = YES;
				CLANG_WARN_ENUM_CONVERSION = YES;
				CLANG_WARN_INFINITE_RECURSION = YES;
				CLANG_WARN_INT_CONVERSION = YES;
				CLANG_WARN_OBJC_ROOT_CLASS = YES_ERROR;
				CLANG_WARN_SUSPICIOUS_MOVES = YES;
				CLANG_WARN_UNREACHABLE_CODE = YES;
				CLANG_WARN__DUPLICATE_METHOD_MATCH = YES;
				"CODE_SIGN_IDENTITY[sdk=iphoneos*]" = "iPhone Developer";
				COPY_PHASE_STRIP = NO;
				DEBUG_INFORMATION_FORMAT = dwarf;
				ENABLE_STRICT_OBJC_MSGSEND = YES;
				ENABLE_TESTABILITY = YES;
				GCC_C_LANGUAGE_STANDARD = gnu99;
				GCC_DYNAMIC_NO_PIC = NO;
				GCC_NO_COMMON_BLOCKS = YES;
				GCC_OPTIMIZATION_LEVEL = 0;
				GCC_PREPROCESSOR_DEFINITIONS = (
					"DEBUG=1",
					"$(inherited)",
				);
				GCC_WARN_64_TO_32_BIT_CONVERSION = YES;
				GCC_WARN_ABOUT_RETURN_TYPE = YES_ERROR;
				GCC_WARN_UNDECLARED_SELECTOR = YES;
				GCC_WARN_UNINITIALIZED_AUTOS = YES_AGGRESSIVE;
				GCC_WARN_UNUSED_FUNCTION = YES;
				GCC_WARN_UNUSED_VARIABLE = YES;
				IPHONEOS_DEPLOYMENT_TARGET = 10.0;
				MTL_ENABLE_DEBUG_INFO = YES;
				ONLY_ACTIVE_ARCH = YES;
				SDKROOT = iphoneos;
				SWIFT_ACTIVE_COMPILATION_CONDITIONS = DEBUG;
				SWIFT_OPTIMIZATION_LEVEL = "-Onone";
			};
			name = Debug;
		};
		18EC00A11D93AA7900707195 /* Release */ = {
			isa = XCBuildConfiguration;
			buildSettings = {
				ALWAYS_SEARCH_USER_PATHS = NO;
				CLANG_ANALYZER_NONNULL = YES;
				CLANG_CXX_LANGUAGE_STANDARD = "gnu++0x";
				CLANG_CXX_LIBRARY = "libc++";
				CLANG_ENABLE_MODULES = YES;
				CLANG_ENABLE_OBJC_ARC = YES;
				CLANG_WARN_BOOL_CONVERSION = YES;
				CLANG_WARN_CONSTANT_CONVERSION = YES;
				CLANG_WARN_DIRECT_OBJC_ISA_USAGE = YES_ERROR;
				CLANG_WARN_DOCUMENTATION_COMMENTS = YES;
				CLANG_WARN_EMPTY_BODY = YES;
				CLANG_WARN_ENUM_CONVERSION = YES;
				CLANG_WARN_INFINITE_RECURSION = YES;
				CLANG_WARN_INT_CONVERSION = YES;
				CLANG_WARN_OBJC_ROOT_CLASS = YES_ERROR;
				CLANG_WARN_SUSPICIOUS_MOVES = YES;
				CLANG_WARN_UNREACHABLE_CODE = YES;
				CLANG_WARN__DUPLICATE_METHOD_MATCH = YES;
				"CODE_SIGN_IDENTITY[sdk=iphoneos*]" = "iPhone Developer";
				COPY_PHASE_STRIP = NO;
				DEBUG_INFORMATION_FORMAT = "dwarf-with-dsym";
				ENABLE_NS_ASSERTIONS = NO;
				ENABLE_STRICT_OBJC_MSGSEND = YES;
				GCC_C_LANGUAGE_STANDARD = gnu99;
				GCC_NO_COMMON_BLOCKS = YES;
				GCC_WARN_64_TO_32_BIT_CONVERSION = YES;
				GCC_WARN_ABOUT_RETURN_TYPE = YES_ERROR;
				GCC_WARN_UNDECLARED_SELECTOR = YES;
				GCC_WARN_UNINITIALIZED_AUTOS = YES_AGGRESSIVE;
				GCC_WARN_UNUSED_FUNCTION = YES;
				GCC_WARN_UNUSED_VARIABLE = YES;
				IPHONEOS_DEPLOYMENT_TARGET = 10.0;
				MTL_ENABLE_DEBUG_INFO = NO;
				SDKROOT = iphoneos;
				SWIFT_OPTIMIZATION_LEVEL = "-Owholemodule";
				VALIDATE_PRODUCT = YES;
			};
			name = Release;
		};
		18EC00A31D93AA7900707195 /* Debug */ = {
			isa = XCBuildConfiguration;
			baseConfigurationReference = 470BD7C7767CB4324DEDA3E6 /* Pods-BookStore.debug.xcconfig */;
			buildSettings = {
				ASSETCATALOG_COMPILER_APPICON_NAME = AppIcon;
				DEVELOPMENT_TEAM = DRG4MCP4V7;
				INFOPLIST_FILE = BookStore/Info.plist;
				LD_RUNPATH_SEARCH_PATHS = "$(inherited) @executable_path/Frameworks";
				PRODUCT_BUNDLE_IDENTIFIER = com.charly.BookStore;
				PRODUCT_NAME = "$(TARGET_NAME)";
				SWIFT_VERSION = 3.0;
			};
			name = Debug;
		};
		18EC00A41D93AA7900707195 /* Release */ = {
			isa = XCBuildConfiguration;
			baseConfigurationReference = EADDF694CB444016FFA9B9D9 /* Pods-BookStore.release.xcconfig */;
			buildSettings = {
				ASSETCATALOG_COMPILER_APPICON_NAME = AppIcon;
				DEVELOPMENT_TEAM = DRG4MCP4V7;
				INFOPLIST_FILE = BookStore/Info.plist;
				LD_RUNPATH_SEARCH_PATHS = "$(inherited) @executable_path/Frameworks";
				PRODUCT_BUNDLE_IDENTIFIER = com.charly.BookStore;
				PRODUCT_NAME = "$(TARGET_NAME)";
				SWIFT_VERSION = 3.0;
			};
			name = Release;
		};
/* End XCBuildConfiguration section */

/* Begin XCConfigurationList section */
		18EC008B1D93AA7900707195 /* Build configuration list for PBXProject "BookStore" */ = {
			isa = XCConfigurationList;
			buildConfigurations = (
				18EC00A01D93AA7900707195 /* Debug */,
				18EC00A11D93AA7900707195 /* Release */,
			);
			defaultConfigurationIsVisible = 0;
			defaultConfigurationName = Release;
		};
		18EC00A21D93AA7900707195 /* Build configuration list for PBXNativeTarget "BookStore" */ = {
			isa = XCConfigurationList;
			buildConfigurations = (
				18EC00A31D93AA7900707195 /* Debug */,
				18EC00A41D93AA7900707195 /* Release */,
			);
			defaultConfigurationIsVisible = 0;
			defaultConfigurationName = Release;
		};
/* End XCConfigurationList section */
	};
	rootObject = 18EC00881D93AA7900707195 /* Project object */;
}
